
Microsoft Visual Studio Solution File, Format Version 12.00
# Visual Studio Version 17
VisualStudioVersion = 17.1.32319.34
MinimumVisualStudioVersion = 10.0.40219.1
Project("{FAE04EC0-301F-11D3-BF4B-00C04F79EFBC}") = "TSMO", "TSMO\TSMO.csproj", "{87E4ED13-CF58-4406-985B-0BB21B827E16}"
EndProject
Global
	GlobalSection(SolutionConfigurationPlatforms) = preSolution
		Debug|Any CPU = Debug|Any CPU
		Release|Any CPU = Release|Any CPU
	EndGlobalSection
	GlobalSection(ProjectConfigurationPlatforms) = postSolution
		{87E4ED13-CF58-4406-985B-0BB21B827E16}.Debug|Any CPU.ActiveCfg = Debug|Any CPU
		{87E4ED13-CF58-4406-985B-0BB21B827E16}.Debug|Any CPU.Build.0 = Debug|Any CPU
		{87E4ED13-CF58-4406-985B-0BB21B827E16}.Release|Any CPU.ActiveCfg = Release|Any CPU
		{87E4ED13-CF58-4406-985B-0BB21B827E16}.Release|Any CPU.Build.0 = Release|Any CPU
	EndGlobalSection
	GlobalSection(SolutionProperties) = preSolution
		HideSolutionNode = FALSE
	EndGlobalSection
	GlobalSection(ExtensibilityGlobals) = postSolution
		SolutionGuid = {1ED9486E-FDAB-4568-8D19-A99DBC314A4E}
	EndGlobalSection
EndGlobal
